<?xml version="1.0" encoding="utf-8"?>
<Project ToolsVersion="4.0" xmlns="http://schemas.microsoft.com/developer/msbuild/2003">
  <ItemGroup>
    <Filter Include="DataPreprocessing">
      <UniqueIdentifier>{75752864-2e0e-460a-a006-9c0b443c71d7}</UniqueIdentifier>
    </Filter>
    <Filter Include="TopicDetection">
      <UniqueIdentifier>{42e02597-8f51-44fe-b40b-33cb85c1aeaf}</UniqueIdentifier>
    </Filter>
    <Filter Include="StoryLinkDetection">
      <UniqueIdentifier>{6fbd771c-0bad-4b57-ade3-4e7460bd158f}</UniqueIdentifier>
    </Filter>
    <Filter Include="Utilities">
      <UniqueIdentifier>{6d4f27ad-fa8e-4b9e-a7e6-b8478a3b848b}</UniqueIdentifier>
    </Filter>
    <Filter Include="TopicTracking">
      <UniqueIdentifier>{9ccaca02-3282-4b2c-b570-48b3e5c41d01}</UniqueIdentifier>
    </Filter>
    <Filter Include="FirstStoryDetection">
      <UniqueIdentifier>{03dd74de-969a-4a82-b0f3-a7afc3b76144}</UniqueIdentifier>
    </Filter>
    <Filter Include="Evaluation">
      <UniqueIdentifier>{08c794f5-a96b-44b5-bd88-6c3f13f4ddee}</UniqueIdentifier>
    </Filter>
    <Filter Include="Presentation">
      <UniqueIdentifier>{c224464d-2218-4ec0-8e95-e2246c9a4793}</UniqueIdentifier>
    </Filter>
    <Filter Include="StorySegmentation">
      <UniqueIdentifier>{21d15f13-f9bd-4737-a08d-7ae72ed78b83}</UniqueIdentifier>
    </Filter>
    <Filter Include="Dataset">
      <UniqueIdentifier>{35fb326b-77f3-433a-ba56-1dd072240dc5}</UniqueIdentifier>
    </Filter>
    <Filter Include="Dataset\mttkn">
      <UniqueIdentifier>{abe43947-a059-4b3f-aba9-a7c654140a8b}</UniqueIdentifier>
    </Filter>
    <Filter Include="Dataset\mttkn_bnd">
      <UniqueIdentifier>{d9b592ef-d0f1-4adf-a197-42af1df82f2c}</UniqueIdentifier>
    </Filter>
  </ItemGroup>
  <ItemGroup>
    <ClCompile Include="DataPreprocessing\DataPreprocessing.cpp">
      <Filter>DataPreprocessing</Filter>
    </ClCompile>
    <ClCompile Include="TopicDetection\TopicDetection.cpp">
      <Filter>TopicDetection</Filter>
    </ClCompile>
    <ClCompile Include="StoryLinkDetection\StoryLinkDetection.cpp">
      <Filter>StoryLinkDetection</Filter>
    </ClCompile>
    <ClCompile Include="Utilities\Story.cpp">
      <Filter>Utilities</Filter>
    </ClCompile>
    <ClCompile Include="TopicTracking\TopicTracking.cpp">
      <Filter>TopicTracking</Filter>
    </ClCompile>
    <ClCompile Include="Main.cpp" />
    <ClCompile Include="FirstStoryDetection\FirstStoryDetection.cpp">
      <Filter>FirstStoryDetection</Filter>
    </ClCompile>
    <ClCompile Include="Evaluation\Evaluation.cpp">
      <Filter>Evaluation</Filter>
    </ClCompile>
    <ClCompile Include="StorySegmentation\StorySegmentation.cpp">
      <Filter>StorySegmentation</Filter>
    </ClCompile>
    <ClCompile Include="Presentation\Presentation.cpp">
      <Filter>Presentation</Filter>
    </ClCompile>
    <ClCompile Include="Utilities\Utilities.cpp">
      <Filter>Utilities</Filter>
    </ClCompile>
  </ItemGroup>
  <ItemGroup>
    <ClInclude Include="DataPreprocessing\DataPreprocessing.h">
      <Filter>DataPreprocessing</Filter>
    </ClInclude>
    <ClInclude Include="TopicDetection\TopicDetection.h">
      <Filter>TopicDetection</Filter>
    </ClInclude>
    <ClInclude Include="StoryLinkDetection\StoryLinkDetection.h">
      <Filter>StoryLinkDetection</Filter>
    </ClInclude>
    <ClInclude Include="Utilities\Story.h">
      <Filter>Utilities</Filter>
    </ClInclude>
    <ClInclude Include="Utilities\Utilities.h">
      <Filter>Utilities</Filter>
    </ClInclude>
    <ClInclude Include="TopicTracking\TopicTracking.h">
      <Filter>TopicTracking</Filter>
    </ClInclude>
    <ClInclude Include="FirstStoryDetection\FirstStoryDetection.h">
      <Filter>FirstStoryDetection</Filter>
    </ClInclude>
    <ClInclude Include="Evaluation\Evaluation.h">
      <Filter>Evaluation</Filter>
    </ClInclude>
    <ClInclude Include="StorySegmentation\StorySegmentation.h">
      <Filter>StorySegmentation</Filter>
    </ClInclude>
    <ClInclude Include="Presentation\Presentation.h">
      <Filter>Presentation</Filter>
    </ClInclude>
  </ItemGroup>
  <ItemGroup>
    <None Include="Dataset\mttkn\20030402_0530_0700_CNA_MAN.mttkn">
      <Filter>Dataset\mttkn</Filter>
    </None>
    <None Include="Dataset\mttkn_bnd\20030402_0530_0700_CNA_MAN.mttkn_bnd">
      <Filter>Dataset\mttkn_bnd</Filter>
    </None>
    <None Include="Dataset\tfidf.dat">
      <Filter>Dataset</Filter>
    </None>
    <None Include="Dataset\mttkn\20030401_0113_1041_AFP_ARB.mttkn">
      <Filter>Dataset\mttkn</Filter>
    </None>
    <None Include="Dataset\mttkn\20030401_0130_0330_XIN_MAN.mttkn">
      <Filter>Dataset\mttkn</Filter>
    </None>
    <None Include="Dataset\mttkn\20030401_0300_0500_AFP_MAN.mttkn">
      <Filter>Dataset\mttkn</Filter>
    </None>
    <None Include="Dataset\mttkn\20030401_0530_0700_CNA_MAN.mttkn">
      <Filter>Dataset\mttkn</Filter>
    </None>
    <None Include="Dataset\mttkn\20030401_0600_0800_XIN_ARB.mttkn">
      <Filter>Dataset\mttkn</Filter>
    </None>
    <None Include="Dataset\mttkn\20030401_0730_0930_XIN_MAN.mttkn">
      <Filter>Dataset\mttkn</Filter>
    </None>
    <None Include="Dataset\mttkn\20030401_1000_1200_ZBN_MAN.mttkn">
      <Filter>Dataset\mttkn</Filter>
    </None>
    <None Include="Dataset\mttkn\20030401_1041_2343_AFP_ARB.mttkn">
      <Filter>Dataset\mttkn</Filter>
    </None>
    <None Include="Dataset\mttkn\20030401_1100_1230_ANN_ARB.mttkn">
      <Filter>Dataset\mttkn</Filter>
    </None>
    <None Include="Dataset\mttkn\20030401_1130_1330_XIN_MAN.mttkn">
      <Filter>Dataset\mttkn</Filter>
    </None>
    <None Include="Dataset\mttkn\20030401_1500_1700_XIN_ARB.mttkn">
      <Filter>Dataset\mttkn</Filter>
    </None>
    <None Include="Dataset\mttkn\20030401_1530_1730_XIN_MAN.mttkn">
      <Filter>Dataset\mttkn</Filter>
    </None>
    <None Include="Dataset\mttkn\20030401_1930_2130_XIN_MAN.mttkn">
      <Filter>Dataset\mttkn</Filter>
    </None>
    <None Include="Dataset\mttkn\20030402_0106_1145_AFP_ARB.mttkn">
      <Filter>Dataset\mttkn</Filter>
    </None>
    <None Include="Dataset\mttkn\20030402_0130_0330_XIN_MAN.mttkn">
      <Filter>Dataset\mttkn</Filter>
    </None>
    <None Include="Dataset\mttkn\20030402_0300_0500_AFP_MAN.mttkn">
      <Filter>Dataset\mttkn</Filter>
    </None>
    <None Include="Dataset\mttkn\20030402_0600_0800_XIN_ARB.mttkn">
      <Filter>Dataset\mttkn</Filter>
    </None>
    <None Include="Dataset\mttkn\20030402_0730_0930_XIN_MAN.mttkn">
      <Filter>Dataset\mttkn</Filter>
    </None>
    <None Include="Dataset\mttkn\20030402_0830_1000_CNA_MAN.mttkn">
      <Filter>Dataset\mttkn</Filter>
    </None>
    <None Include="Dataset\mttkn_bnd\20030401_0113_1041_AFP_ARB.mttkn_bnd">
      <Filter>Dataset\mttkn_bnd</Filter>
    </None>
    <None Include="Dataset\mttkn_bnd\20030401_0130_0330_XIN_MAN.mttkn_bnd">
      <Filter>Dataset\mttkn_bnd</Filter>
    </None>
    <None Include="Dataset\mttkn_bnd\20030401_0300_0500_AFP_MAN.mttkn_bnd">
      <Filter>Dataset\mttkn_bnd</Filter>
    </None>
    <None Include="Dataset\mttkn_bnd\20030401_0530_0700_CNA_MAN.mttkn_bnd">
      <Filter>Dataset\mttkn_bnd</Filter>
    </None>
    <None Include="Dataset\mttkn_bnd\20030401_0600_0800_XIN_ARB.mttkn_bnd">
      <Filter>Dataset\mttkn_bnd</Filter>
    </None>
    <None Include="Dataset\mttkn_bnd\20030401_0730_0930_XIN_MAN.mttkn_bnd">
      <Filter>Dataset\mttkn_bnd</Filter>
    </None>
    <None Include="Dataset\mttkn_bnd\20030401_1000_1200_ZBN_MAN.mttkn_bnd">
      <Filter>Dataset\mttkn_bnd</Filter>
    </None>
    <None Include="Dataset\mttkn_bnd\20030401_1041_2343_AFP_ARB.mttkn_bnd">
      <Filter>Dataset\mttkn_bnd</Filter>
    </None>
    <None Include="Dataset\mttkn_bnd\20030401_1100_1230_ANN_ARB.mttkn_bnd">
      <Filter>Dataset\mttkn_bnd</Filter>
    </None>
    <None Include="Dataset\mttkn_bnd\20030401_1130_1330_XIN_MAN.mttkn_bnd">
      <Filter>Dataset\mttkn_bnd</Filter>
    </None>
    <None Include="Dataset\mttkn_bnd\20030401_1500_1700_XIN_ARB.mttkn_bnd">
      <Filter>Dataset\mttkn_bnd</Filter>
    </None>
    <None Include="Dataset\mttkn_bnd\20030401_1530_1730_XIN_MAN.mttkn_bnd">
      <Filter>Dataset\mttkn_bnd</Filter>
    </None>
    <None Include="Dataset\mttkn_bnd\20030401_1930_2130_XIN_MAN.mttkn_bnd">
      <Filter>Dataset\mttkn_bnd</Filter>
    </None>
    <None Include="Dataset\mttkn_bnd\20030402_0106_1145_AFP_ARB.mttkn_bnd">
      <Filter>Dataset\mttkn_bnd</Filter>
    </None>
    <None Include="Dataset\mttkn_bnd\20030402_0130_0330_XIN_MAN.mttkn_bnd">
      <Filter>Dataset\mttkn_bnd</Filter>
    </None>
    <None Include="Dataset\mttkn_bnd\20030402_0300_0500_AFP_MAN.mttkn_bnd">
      <Filter>Dataset\mttkn_bnd</Filter>
    </None>
    <None Include="Dataset\mttkn_bnd\20030402_0600_0800_XIN_ARB.mttkn_bnd">
      <Filter>Dataset\mttkn_bnd</Filter>
    </None>
    <None Include="Dataset\mttkn_bnd\20030402_0730_0930_XIN_MAN.mttkn_bnd">
      <Filter>Dataset\mttkn_bnd</Filter>
    </None>
    <None Include="Dataset\mttkn_bnd\20030402_0830_1000_CNA_MAN.mttkn_bnd">
      <Filter>Dataset\mttkn_bnd</Filter>
    </None>
  </ItemGroup>
</Project>